
Microsoft Visual Studio Solution File, Format Version 12.00
# Visual Studio Version 17
VisualStudioVersion = 17.2.32630.192
MinimumVisualStudioVersion = 10.0.40219.1
Project("{9A19103F-16F7-4668-BE54-9A1E7A4F7556}") = "R5T.F0087", "R5T.F0087\R5T.F0087.csproj", "{BBA01DE8-9D43-4F9A-BD1F-B4C036D1D790}"
EndProject
Global
	GlobalSection(SolutionConfigurationPlatforms) = preSolution
		Debug|Any CPU = Debug|Any CPU
		Release|Any CPU = Release|Any CPU
	EndGlobalSection
	GlobalSection(ProjectConfigurationPlatforms) = postSolution
		{BBA01DE8-9D43-4F9A-BD1F-B4C036D1D790}.Debug|Any CPU.ActiveCfg = Debug|Any CPU
		{BBA01DE8-9D43-4F9A-BD1F-B4C036D1D790}.Debug|Any CPU.Build.0 = Debug|Any CPU
		{BBA01DE8-9D43-4F9A-BD1F-B4C036D1D790}.Release|Any CPU.ActiveCfg = Release|Any CPU
		{BBA01DE8-9D43-4F9A-BD1F-B4C036D1D790}.Release|Any CPU.Build.0 = Release|Any CPU
	EndGlobalSection
	GlobalSection(SolutionProperties) = preSolution
		HideSolutionNode = FALSE
	EndGlobalSection
	GlobalSection(ExtensibilityGlobals) = postSolution
		SolutionGuid = {DC46EAA5-4D81-4AF4-B013-4015A1F8CFA5}
	EndGlobalSection
EndGlobal
