
Microsoft Visual Studio Solution File, Format Version 12.00
# Visual Studio Version 17
VisualStudioVersion = 17.2.32630.192
MinimumVisualStudioVersion = 10.0.40219.1
Project("{9A19103F-16F7-4668-BE54-9A1E7A4F7556}") = "R5T.F0087.Construction", "R5T.F0087.Construction\R5T.F0087.Construction.csproj", "{6FE97C21-4707-47C4-8E28-1B8AF72CC3BA}"
EndProject
Project("{9A19103F-16F7-4668-BE54-9A1E7A4F7556}") = "R5T.F0087", "R5T.F0087\R5T.F0087.csproj", "{63153ACE-E01C-4964-A5F1-4EDF4185E32E}"
EndProject
Project("{2150E333-8FDC-42A3-9474-1A3956D46DE8}") = "_Dependencies", "_Dependencies", "{B3CB9F71-1AC9-4B0D-BBCD-5202A8A14EF8}"
EndProject
Project("{9A19103F-16F7-4668-BE54-9A1E7A4F7556}") = "R5T.F0000", "..\..\R5T.F0000\source\R5T.F0000\R5T.F0000.csproj", "{5DC6C038-115C-42D4-9FEA-E700E214A53A}"
EndProject
Project("{9A19103F-16F7-4668-BE54-9A1E7A4F7556}") = "R5T.F0002", "..\..\R5T.F0002\source\R5T.F0002\R5T.F0002.csproj", "{16CC3E64-E90F-49CB-A66F-2D492383E2A6}"
EndProject
Project("{9A19103F-16F7-4668-BE54-9A1E7A4F7556}") = "R5T.F0016.F001", "..\..\R5T.F0016\source\R5T.F0016.F001\R5T.F0016.F001.csproj", "{CB2EC4BA-001F-4CB5-81E9-3BCE1E9FBD74}"
EndProject
Project("{9A19103F-16F7-4668-BE54-9A1E7A4F7556}") = "R5T.F0016", "..\..\R5T.F0016\source\R5T.F0016\R5T.F0016.csproj", "{933D7AD8-06AC-4997-BABC-D0DDEDEC352F}"
EndProject
Project("{9A19103F-16F7-4668-BE54-9A1E7A4F7556}") = "R5T.F0020", "..\..\R5T.F0020\source\R5T.F0020\R5T.F0020.csproj", "{FDA188E8-5929-4EF9-95ED-435D770C2558}"
EndProject
Project("{9A19103F-16F7-4668-BE54-9A1E7A4F7556}") = "R5T.F0024.F001", "..\..\R5T.F0024\source\R5T.F0024.F001\R5T.F0024.F001.csproj", "{AA5D6EA9-40AE-4A61-932B-ABC639CD5609}"
EndProject
Project("{9A19103F-16F7-4668-BE54-9A1E7A4F7556}") = "R5T.F0024.T001", "..\..\R5T.F0024\source\R5T.F0024.T001\R5T.F0024.T001.csproj", "{9296A864-DEC6-4D06-9AFB-B458452E3BFA}"
EndProject
Project("{9A19103F-16F7-4668-BE54-9A1E7A4F7556}") = "R5T.F0024", "..\..\R5T.F0024\source\R5T.F0024\R5T.F0024.csproj", "{C558F5FD-C02C-4B23-B235-881FFE024154}"
EndProject
Project("{9A19103F-16F7-4668-BE54-9A1E7A4F7556}") = "R5T.F0028", "..\..\R5T.F0028\source\R5T.F0028\R5T.F0028.csproj", "{2DDEDBD3-5BB8-4582-807F-350E40AF0ECE}"
EndProject
Project("{9A19103F-16F7-4668-BE54-9A1E7A4F7556}") = "R5T.F0032", "..\..\R5T.F0032\source\R5T.F0032\R5T.F0032.csproj", "{F9E17EEF-B166-4EC8-8D3C-0C703D0DE3B4}"
EndProject
Project("{9A19103F-16F7-4668-BE54-9A1E7A4F7556}") = "R5T.F0040.F000", "..\..\R5T.F0040\source\R5T.F0040.F000\R5T.F0040.F000.csproj", "{FC8ED1DD-DCDE-43E1-BA42-1014BDC1D979}"
EndProject
Project("{9A19103F-16F7-4668-BE54-9A1E7A4F7556}") = "R5T.F0041", "..\..\R5T.F0041\source\R5T.F0041\R5T.F0041.csproj", "{0A39D7B7-3226-4CE6-8A77-C84B79013519}"
EndProject
Project("{9A19103F-16F7-4668-BE54-9A1E7A4F7556}") = "R5T.F0044", "..\..\R5T.F0044\source\R5T.F0044\R5T.F0044.csproj", "{8A2DDE75-8DC6-4467-9B73-292C4141F5FE}"
EndProject
Project("{9A19103F-16F7-4668-BE54-9A1E7A4F7556}") = "R5T.F0046", "..\..\R5T.F0046\source\R5T.F0046\R5T.F0046.csproj", "{C0B39C81-9E8E-4613-B6D6-E3DA729224C9}"
EndProject
Project("{9A19103F-16F7-4668-BE54-9A1E7A4F7556}") = "R5T.F0047", "..\..\R5T.F0047\source\R5T.F0047\R5T.F0047.csproj", "{480FB8D7-D1BC-4879-8F70-3E8BFADD5A32}"
EndProject
Project("{9A19103F-16F7-4668-BE54-9A1E7A4F7556}") = "R5T.F0048", "..\..\R5T.F0048\source\R5T.F0048\R5T.F0048.csproj", "{2620594B-E785-4AFD-89AA-391DC228A437}"
EndProject
Project("{9A19103F-16F7-4668-BE54-9A1E7A4F7556}") = "R5T.F0050", "..\..\R5T.F0050\source\R5T.F0050\R5T.F0050.csproj", "{214580E6-D6AD-4C4D-B5BD-8C03A544657C}"
EndProject
Project("{9A19103F-16F7-4668-BE54-9A1E7A4F7556}") = "R5T.F0052", "..\..\R5T.F0052\source\R5T.F0052\R5T.F0052.csproj", "{39C565DE-0690-469F-9B61-BE7B57D20157}"
EndProject
Project("{9A19103F-16F7-4668-BE54-9A1E7A4F7556}") = "R5T.F0053", "..\..\R5T.F0053\source\R5T.F0053\R5T.F0053.csproj", "{7C1874C9-786A-4C85-9D6A-0918B0482CA4}"
EndProject
Project("{9A19103F-16F7-4668-BE54-9A1E7A4F7556}") = "R5T.F0054", "..\..\R5T.F0054\source\R5T.F0054\R5T.F0054.csproj", "{84C4E2F4-0882-4A84-8E41-FE67AFA2A3C3}"
EndProject
Project("{9A19103F-16F7-4668-BE54-9A1E7A4F7556}") = "R5T.F0055", "..\..\R5T.F0055\source\R5T.F0055\R5T.F0055.csproj", "{20CEF86A-A7C9-4E2C-BD30-5BCFCA9DC49F}"
EndProject
Project("{9A19103F-16F7-4668-BE54-9A1E7A4F7556}") = "R5T.F0057", "..\..\R5T.F0057\source\R5T.F0057\R5T.F0057.csproj", "{65D47CB2-B245-4221-AEBC-009040ECB67A}"
EndProject
Project("{9A19103F-16F7-4668-BE54-9A1E7A4F7556}") = "R5T.F0063.F001", "..\..\R5T.F0063\source\R5T.F0063.F001\R5T.F0063.F001.csproj", "{E1D4A9EF-3176-40CE-9011-60D48740EA8E}"
EndProject
Project("{9A19103F-16F7-4668-BE54-9A1E7A4F7556}") = "R5T.F0063", "..\..\R5T.F0063\source\R5T.F0063\R5T.F0063.csproj", "{179A1AF4-7116-496D-BBF6-AD966CEF5D73}"
EndProject
Project("{9A19103F-16F7-4668-BE54-9A1E7A4F7556}") = "R5T.F0078", "..\..\R5T.F0078\source\R5T.F0078\R5T.F0078.csproj", "{9C933037-6E5C-4B80-B4FC-5C83C9DBC564}"
EndProject
Project("{9A19103F-16F7-4668-BE54-9A1E7A4F7556}") = "R5T.F0081", "..\..\R5T.F0081\source\R5T.F0081\R5T.F0081.csproj", "{F27D08DC-1174-4D39-9513-6F1A9FADB098}"
EndProject
Project("{9A19103F-16F7-4668-BE54-9A1E7A4F7556}") = "R5T.F0083.R001", "..\..\R5T.F0083\source\R5T.F0083.R001\R5T.F0083.R001.csproj", "{ECB6FCA2-0E5E-4A71-BFAE-F588250A99C4}"
EndProject
Project("{9A19103F-16F7-4668-BE54-9A1E7A4F7556}") = "R5T.F0083", "..\..\R5T.F0083\source\R5T.F0083\R5T.F0083.csproj", "{216D0568-76BC-4F85-AA9C-6001948A715D}"
EndProject
Project("{9A19103F-16F7-4668-BE54-9A1E7A4F7556}") = "R5T.F0084", "..\..\R5T.F0084\source\R5T.F0084\R5T.F0084.csproj", "{A1758B40-0B3A-4CDE-AA92-C3A0709843CB}"
EndProject
Project("{9A19103F-16F7-4668-BE54-9A1E7A4F7556}") = "R5T.F0085", "..\..\R5T.F0085\source\R5T.F0085\R5T.F0085.csproj", "{BD91A752-BC24-48B0-A360-701868334B38}"
EndProject
Project("{9A19103F-16F7-4668-BE54-9A1E7A4F7556}") = "R5T.F0086", "..\..\R5T.F0086\source\R5T.F0086\R5T.F0086.csproj", "{37A8D47A-913C-4C6C-A721-2552D4525DEA}"
EndProject
Project("{9A19103F-16F7-4668-BE54-9A1E7A4F7556}") = "R5T.F0089", "..\..\R5T.F0089\source\R5T.F0089\R5T.F0089.csproj", "{15A5A39B-598C-4633-85CC-739F1791ACD5}"
EndProject
Project("{9A19103F-16F7-4668-BE54-9A1E7A4F7556}") = "R5T.F0091", "..\..\R5T.F0091\source\R5T.F0091\R5T.F0091.csproj", "{185D6B93-A8E5-4615-8A8C-1B5E1CA3CC6F}"
EndProject
Project("{9A19103F-16F7-4668-BE54-9A1E7A4F7556}") = "R5T.F0094", "..\..\R5T.F0094\source\R5T.F0094\R5T.F0094.csproj", "{60F19A47-78B5-4E67-AC67-5B0D73A27F32}"
EndProject
Project("{9A19103F-16F7-4668-BE54-9A1E7A4F7556}") = "R5T.F0095", "..\..\R5T.F0095\source\R5T.F0095\R5T.F0095.csproj", "{B801B786-4988-40CC-84D5-EC3B1FF8C620}"
EndProject
Project("{9A19103F-16F7-4668-BE54-9A1E7A4F7556}") = "R5T.F0120", "..\..\R5T.F0120\source\R5T.F0120\R5T.F0120.csproj", "{063A6021-B105-4038-8491-0FA4ADA7DBE0}"
EndProject
Project("{9A19103F-16F7-4668-BE54-9A1E7A4F7556}") = "R5T.F0124", "..\..\R5T.F0124\source\R5T.F0124\R5T.F0124.csproj", "{2E03E00B-0559-46C2-88F8-5B9C8980D3B3}"
EndProject
Project("{9A19103F-16F7-4668-BE54-9A1E7A4F7556}") = "R5T.F0144", "..\..\R5T.F0144\source\R5T.F0144\R5T.F0144.csproj", "{A172567C-94E8-4562-AA2F-9201F41F2D7F}"
EndProject
Project("{9A19103F-16F7-4668-BE54-9A1E7A4F7556}") = "R5T.L0026.T000", "..\..\R5T.L0026\source\R5T.L0026.T000\R5T.L0026.T000.csproj", "{14F5CD81-F7F2-456E-8F33-8880E0CF72BD}"
EndProject
Project("{9A19103F-16F7-4668-BE54-9A1E7A4F7556}") = "R5T.L0026", "..\..\R5T.L0026\source\R5T.L0026\R5T.L0026.csproj", "{BEC72620-511B-4EE9-B114-FDAE71CA5CB1}"
EndProject
Project("{9A19103F-16F7-4668-BE54-9A1E7A4F7556}") = "R5T.L0053", "..\..\R5T.L0053\source\R5T.L0053\R5T.L0053.csproj", "{9EFD233E-0D58-4278-9946-378BFE09290C}"
EndProject
Project("{9A19103F-16F7-4668-BE54-9A1E7A4F7556}") = "R5T.L0066", "..\..\R5T.L0066\source\R5T.L0066\R5T.L0066.csproj", "{411F9D3E-EA44-4E4F-8CAC-32A7BF42E9BD}"
EndProject
Project("{9A19103F-16F7-4668-BE54-9A1E7A4F7556}") = "R5T.L0071", "..\..\R5T.L0071\source\R5T.L0071\R5T.L0071.csproj", "{889E70F8-65EB-4428-98EB-C0BCBC98BFD5}"
EndProject
Project("{9A19103F-16F7-4668-BE54-9A1E7A4F7556}") = "R5T.L0072", "..\..\R5T.L0072\source\R5T.L0072\R5T.L0072.csproj", "{DC5F647B-4B0E-45DE-8F67-B54AF0DAC96C}"
EndProject
Project("{9A19103F-16F7-4668-BE54-9A1E7A4F7556}") = "R5T.L0083.F001", "..\..\R5T.L0083\source\R5T.L0083.F001\R5T.L0083.F001.csproj", "{66CC831E-4F1A-4EA0-90D1-65BE43A8375D}"
EndProject
Project("{9A19103F-16F7-4668-BE54-9A1E7A4F7556}") = "R5T.L0089.F000", "..\..\R5T.L0089\source\R5T.L0089.F000\R5T.L0089.F000.csproj", "{B7AB79BB-58D8-4F15-969C-7A8E3C27A224}"
EndProject
Project("{9A19103F-16F7-4668-BE54-9A1E7A4F7556}") = "R5T.L0089.T000", "..\..\R5T.L0089\source\R5T.L0089.T000\R5T.L0089.T000.csproj", "{E2ABAA23-A19B-457E-AC72-DEF3008EABA0}"
EndProject
Project("{9A19103F-16F7-4668-BE54-9A1E7A4F7556}") = "R5T.L0089", "..\..\R5T.L0089\source\R5T.L0089\R5T.L0089.csproj", "{662925B2-C667-4B77-BD09-BFAF1C2A0924}"
EndProject
Project("{9A19103F-16F7-4668-BE54-9A1E7A4F7556}") = "R5T.NG0002", "..\..\R5T.NG0002\source\R5T.NG0002\R5T.NG0002.csproj", "{3F42BE7A-EADD-47C8-9595-CBD828E88383}"
EndProject
Project("{9A19103F-16F7-4668-BE54-9A1E7A4F7556}") = "R5T.NG0005", "..\..\R5T.NG0005\source\R5T.NG0005\R5T.NG0005.csproj", "{8E934B0A-D883-4C66-B007-723A62267B2D}"
EndProject
Project("{9A19103F-16F7-4668-BE54-9A1E7A4F7556}") = "R5T.NG0006", "..\..\R5T.NG0006\source\R5T.NG0006\R5T.NG0006.csproj", "{E0CF1B1A-DC7E-4CED-ABCB-7D76418EFECC}"
EndProject
Project("{9A19103F-16F7-4668-BE54-9A1E7A4F7556}") = "R5T.NG0008", "..\..\R5T.NG0008\source\R5T.NG0008\R5T.NG0008.csproj", "{AAAE6E44-DAD8-433E-870D-2B0A7FC1BA73}"
EndProject
Project("{9A19103F-16F7-4668-BE54-9A1E7A4F7556}") = "R5T.NG0009", "..\..\R5T.NG0009\source\R5T.NG0009\R5T.NG0009.csproj", "{AB544A24-EDD9-433A-A193-BE59AC04A5A7}"
EndProject
Project("{9A19103F-16F7-4668-BE54-9A1E7A4F7556}") = "R5T.NG0014", "..\..\R5T.NG0014\source\R5T.NG0014\R5T.NG0014.csproj", "{DEA142EB-1880-4AAD-A1FC-84A7DDB1B44F}"
EndProject
Project("{9A19103F-16F7-4668-BE54-9A1E7A4F7556}") = "R5T.NG0022", "..\..\R5T.NG0022\source\R5T.NG0022\R5T.NG0022.csproj", "{B3DF29CB-7E4A-4E86-8249-31DCD29D807E}"
EndProject
Project("{9A19103F-16F7-4668-BE54-9A1E7A4F7556}") = "R5T.NG0023", "..\..\R5T.NG0023\source\R5T.NG0023\R5T.NG0023.csproj", "{8EAC82CB-9F96-4292-B8ED-6D26BEF1036E}"
EndProject
Project("{9A19103F-16F7-4668-BE54-9A1E7A4F7556}") = "R5T.NG0024", "..\..\R5T.NG0024\source\R5T.NG0024\R5T.NG0024.csproj", "{C9C9A64F-D821-4687-A1CC-B320B19CD484}"
EndProject
Project("{9A19103F-16F7-4668-BE54-9A1E7A4F7556}") = "R5T.T0046", "..\..\R5T.T0046\source\R5T.T0046\R5T.T0046.csproj", "{BDD0F2A6-BB51-46BA-81F4-4335EF58416C}"
EndProject
Project("{9A19103F-16F7-4668-BE54-9A1E7A4F7556}") = "R5T.T0131", "..\..\R5T.T0131\source\R5T.T0131\R5T.T0131.csproj", "{4C19DADF-0E8B-4052-A092-F91C27041459}"
EndProject
Project("{9A19103F-16F7-4668-BE54-9A1E7A4F7556}") = "R5T.T0132", "..\..\R5T.T0132\source\R5T.T0132\R5T.T0132.csproj", "{FF23C6DC-76E4-49B3-8A9B-6E629ADE05B3}"
EndProject
Project("{9A19103F-16F7-4668-BE54-9A1E7A4F7556}") = "R5T.T0142", "..\..\R5T.T0142\source\R5T.T0142\R5T.T0142.csproj", "{970E08EE-F2EA-46EF-928C-1CAAE14EF2F2}"
EndProject
Project("{9A19103F-16F7-4668-BE54-9A1E7A4F7556}") = "R5T.T0143", "..\..\R5T.T0143\source\R5T.T0143\R5T.T0143.csproj", "{2BFFD3B0-F7C8-41C0-BD81-E2269DF0DDDB}"
EndProject
Project("{9A19103F-16F7-4668-BE54-9A1E7A4F7556}") = "R5T.T0144", "..\..\R5T.T0144\source\R5T.T0144\R5T.T0144.csproj", "{14EA5F38-E97B-498D-9011-CBD77DE1D45D}"
EndProject
Project("{9A19103F-16F7-4668-BE54-9A1E7A4F7556}") = "R5T.T0152", "..\..\R5T.T0152\source\R5T.T0152\R5T.T0152.csproj", "{6C780BB4-CB42-40E1-AC44-95151BEC479D}"
EndProject
Project("{9A19103F-16F7-4668-BE54-9A1E7A4F7556}") = "R5T.T0153.Z001", "..\..\R5T.T0153\source\R5T.T0153.Z001\R5T.T0153.Z001.csproj", "{7F806533-2BD3-4054-B1FC-2D3F6464B24D}"
EndProject
Project("{9A19103F-16F7-4668-BE54-9A1E7A4F7556}") = "R5T.T0153", "..\..\R5T.T0153\source\R5T.T0153\R5T.T0153.csproj", "{EED789C1-C278-4912-9A12-53AF0688C070}"
EndProject
Project("{9A19103F-16F7-4668-BE54-9A1E7A4F7556}") = "R5T.T0154", "..\..\R5T.T0154\source\R5T.T0154\R5T.T0154.csproj", "{D5622029-1806-4910-99EA-E4B9CEABD067}"
EndProject
Project("{9A19103F-16F7-4668-BE54-9A1E7A4F7556}") = "R5T.T0156", "..\..\R5T.T0156\source\R5T.T0156\R5T.T0156.csproj", "{8141C625-BE4A-4E73-9E99-0BE954B38ABC}"
EndProject
Project("{9A19103F-16F7-4668-BE54-9A1E7A4F7556}") = "R5T.T0174", "..\..\R5T.T0174\source\R5T.T0174\R5T.T0174.csproj", "{E9AF3AF2-F9DC-42CF-814C-1B146BEF0072}"
EndProject
Project("{9A19103F-16F7-4668-BE54-9A1E7A4F7556}") = "R5T.T0176", "..\..\R5T.T0176\source\R5T.T0176\R5T.T0176.csproj", "{9A54A7F8-697A-4F1C-902A-7388312D457F}"
EndProject
Project("{9A19103F-16F7-4668-BE54-9A1E7A4F7556}") = "R5T.T0177", "..\..\R5T.T0177\source\R5T.T0177\R5T.T0177.csproj", "{9401DD62-15AA-448D-A6C1-C7B9D958DE1A}"
EndProject
Project("{9A19103F-16F7-4668-BE54-9A1E7A4F7556}") = "R5T.T0178", "..\..\R5T.T0178\source\R5T.T0178\R5T.T0178.csproj", "{A4D3B612-DCC4-4E87-A542-03AF8D8DFB42}"
EndProject
Project("{9A19103F-16F7-4668-BE54-9A1E7A4F7556}") = "R5T.T0179", "..\..\R5T.T0179\source\R5T.T0179\R5T.T0179.csproj", "{2D241FA8-0B82-40F6-BAEE-3AA295E3A863}"
EndProject
Project("{9A19103F-16F7-4668-BE54-9A1E7A4F7556}") = "R5T.T0180", "..\..\R5T.T0180\source\R5T.T0180\R5T.T0180.csproj", "{2F9E3612-CDF3-4F60-A579-642207B89E2A}"
EndProject
Project("{9A19103F-16F7-4668-BE54-9A1E7A4F7556}") = "R5T.T0181", "..\..\R5T.T0181\source\R5T.T0181\R5T.T0181.csproj", "{729933DA-C702-40A4-B9CD-6591943B52E2}"
EndProject
Project("{9A19103F-16F7-4668-BE54-9A1E7A4F7556}") = "R5T.T0185", "..\..\R5T.T0185\source\R5T.T0185\R5T.T0185.csproj", "{3A2E48A8-451A-4CAA-88F9-FC27C05F1D49}"
EndProject
Project("{9A19103F-16F7-4668-BE54-9A1E7A4F7556}") = "R5T.T0199.T000", "..\..\R5T.T0199\source\R5T.T0199.T000\R5T.T0199.T000.csproj", "{5637407F-33CA-4DB8-BC95-95E426358085}"
EndProject
Project("{9A19103F-16F7-4668-BE54-9A1E7A4F7556}") = "R5T.T0199.T001", "..\..\R5T.T0199\source\R5T.T0199.T001\R5T.T0199.T001.csproj", "{FFB34AEA-D33D-47FD-ACD4-1BA0BEE00F73}"
EndProject
Project("{9A19103F-16F7-4668-BE54-9A1E7A4F7556}") = "R5T.T0199", "..\..\R5T.T0199\source\R5T.T0199\R5T.T0199.csproj", "{96C79119-F6FA-4F3C-BE20-FD597E3E8136}"
EndProject
Project("{9A19103F-16F7-4668-BE54-9A1E7A4F7556}") = "R5T.T0209", "..\..\R5T.T0209\source\R5T.T0209\R5T.T0209.csproj", "{14BD3AC6-62DE-413C-B4A9-CEB64785FFFB}"
EndProject
Project("{9A19103F-16F7-4668-BE54-9A1E7A4F7556}") = "R5T.T0220", "..\..\R5T.T0220\source\R5T.T0220\R5T.T0220.csproj", "{CBE063C3-7690-4F48-BEA8-03455CDED0FB}"
EndProject
Project("{9A19103F-16F7-4668-BE54-9A1E7A4F7556}") = "R5T.T0221", "..\..\R5T.T0221\source\R5T.T0221\R5T.T0221.csproj", "{7AF8AB1C-0DB1-465F-B56B-27925D86B46A}"
EndProject
Project("{9A19103F-16F7-4668-BE54-9A1E7A4F7556}") = "R5T.T0240", "..\..\R5T.T0240\source\R5T.T0240\R5T.T0240.csproj", "{A4917E05-B40E-450F-9289-3011B8B48BC7}"
EndProject
Project("{9A19103F-16F7-4668-BE54-9A1E7A4F7556}") = "R5T.T0241", "..\..\R5T.T0241\source\R5T.T0241\R5T.T0241.csproj", "{79A63854-B414-47A3-83D9-759FE2842A30}"
EndProject
Project("{9A19103F-16F7-4668-BE54-9A1E7A4F7556}") = "R5T.Y0000", "..\..\R5T.Y0000\source\R5T.Y0000\R5T.Y0000.csproj", "{07D4D6F8-95B4-4C50-A9BF-EE006E972722}"
EndProject
Project("{9A19103F-16F7-4668-BE54-9A1E7A4F7556}") = "R5T.Y0004", "..\..\R5T.Y0004\source\R5T.Y0004\R5T.Y0004.csproj", "{65296F65-6523-49AE-93BA-E134403A99DB}"
EndProject
Project("{9A19103F-16F7-4668-BE54-9A1E7A4F7556}") = "R5T.Y0006", "..\..\R5T.Y0006\source\R5T.Y0006\R5T.Y0006.csproj", "{59504D53-B85B-409B-A2B4-206429326993}"
EndProject
Project("{9A19103F-16F7-4668-BE54-9A1E7A4F7556}") = "R5T.Z0000", "..\..\R5T.Z0000\source\R5T.Z0000\R5T.Z0000.csproj", "{E1F0E45A-1ABB-46E0-8DD1-5ACC40CA1973}"
EndProject
Project("{9A19103F-16F7-4668-BE54-9A1E7A4F7556}") = "R5T.Z0006", "..\..\R5T.Z0006\source\R5T.Z0006\R5T.Z0006.csproj", "{0A96981E-65D8-4AD0-98AB-7FC3F8AC8577}"
EndProject
Project("{9A19103F-16F7-4668-BE54-9A1E7A4F7556}") = "R5T.Z0007", "..\..\R5T.Z0007\source\R5T.Z0007\R5T.Z0007.csproj", "{A882A66B-DEEE-4758-91B4-165977469DFE}"
EndProject
Project("{9A19103F-16F7-4668-BE54-9A1E7A4F7556}") = "R5T.Z0009", "..\..\R5T.Z0009\source\R5T.Z0009\R5T.Z0009.csproj", "{A54C0E3D-ACF1-44C3-819E-8B13354227C0}"
EndProject
Project("{9A19103F-16F7-4668-BE54-9A1E7A4F7556}") = "R5T.Z0010.Platform", "..\..\R5T.Z0010\source\R5T.Z0010.Platform\R5T.Z0010.Platform.csproj", "{209F0541-15D6-4E6E-AC83-151ABBA6C15C}"
EndProject
Project("{9A19103F-16F7-4668-BE54-9A1E7A4F7556}") = "R5T.Z0013", "..\..\R5T.Z0013\source\R5T.Z0013\R5T.Z0013.csproj", "{3043329D-42AA-4381-89B3-2961E4CED266}"
EndProject
Project("{9A19103F-16F7-4668-BE54-9A1E7A4F7556}") = "R5T.Z0018", "..\..\R5T.Z0018.Private\source\R5T.Z0018\R5T.Z0018.csproj", "{4A890462-5E25-4F3E-8061-CDC82667A180}"
EndProject
Project("{9A19103F-16F7-4668-BE54-9A1E7A4F7556}") = "R5T.Z0020", "..\..\R5T.Z0020\source\R5T.Z0020\R5T.Z0020.csproj", "{BA3FA437-9ECD-4CF2-A395-AA50ED59CD12}"
EndProject
Project("{9A19103F-16F7-4668-BE54-9A1E7A4F7556}") = "R5T.Z0023", "..\..\R5T.Z0023\source\R5T.Z0023\R5T.Z0023.csproj", "{82C1EF81-8061-4926-A3EB-1238D8D1D832}"
EndProject
Global
	GlobalSection(NestedProjects) = preSolution
		{5DC6C038-115C-42D4-9FEA-E700E214A53A} = {B3CB9F71-1AC9-4B0D-BBCD-5202A8A14EF8}
		{16CC3E64-E90F-49CB-A66F-2D492383E2A6} = {B3CB9F71-1AC9-4B0D-BBCD-5202A8A14EF8}
		{CB2EC4BA-001F-4CB5-81E9-3BCE1E9FBD74} = {B3CB9F71-1AC9-4B0D-BBCD-5202A8A14EF8}
		{933D7AD8-06AC-4997-BABC-D0DDEDEC352F} = {B3CB9F71-1AC9-4B0D-BBCD-5202A8A14EF8}
		{FDA188E8-5929-4EF9-95ED-435D770C2558} = {B3CB9F71-1AC9-4B0D-BBCD-5202A8A14EF8}
		{AA5D6EA9-40AE-4A61-932B-ABC639CD5609} = {B3CB9F71-1AC9-4B0D-BBCD-5202A8A14EF8}
		{9296A864-DEC6-4D06-9AFB-B458452E3BFA} = {B3CB9F71-1AC9-4B0D-BBCD-5202A8A14EF8}
		{C558F5FD-C02C-4B23-B235-881FFE024154} = {B3CB9F71-1AC9-4B0D-BBCD-5202A8A14EF8}
		{2DDEDBD3-5BB8-4582-807F-350E40AF0ECE} = {B3CB9F71-1AC9-4B0D-BBCD-5202A8A14EF8}
		{F9E17EEF-B166-4EC8-8D3C-0C703D0DE3B4} = {B3CB9F71-1AC9-4B0D-BBCD-5202A8A14EF8}
		{FC8ED1DD-DCDE-43E1-BA42-1014BDC1D979} = {B3CB9F71-1AC9-4B0D-BBCD-5202A8A14EF8}
		{0A39D7B7-3226-4CE6-8A77-C84B79013519} = {B3CB9F71-1AC9-4B0D-BBCD-5202A8A14EF8}
		{8A2DDE75-8DC6-4467-9B73-292C4141F5FE} = {B3CB9F71-1AC9-4B0D-BBCD-5202A8A14EF8}
		{C0B39C81-9E8E-4613-B6D6-E3DA729224C9} = {B3CB9F71-1AC9-4B0D-BBCD-5202A8A14EF8}
		{480FB8D7-D1BC-4879-8F70-3E8BFADD5A32} = {B3CB9F71-1AC9-4B0D-BBCD-5202A8A14EF8}
		{2620594B-E785-4AFD-89AA-391DC228A437} = {B3CB9F71-1AC9-4B0D-BBCD-5202A8A14EF8}
		{214580E6-D6AD-4C4D-B5BD-8C03A544657C} = {B3CB9F71-1AC9-4B0D-BBCD-5202A8A14EF8}
		{39C565DE-0690-469F-9B61-BE7B57D20157} = {B3CB9F71-1AC9-4B0D-BBCD-5202A8A14EF8}
		{7C1874C9-786A-4C85-9D6A-0918B0482CA4} = {B3CB9F71-1AC9-4B0D-BBCD-5202A8A14EF8}
		{84C4E2F4-0882-4A84-8E41-FE67AFA2A3C3} = {B3CB9F71-1AC9-4B0D-BBCD-5202A8A14EF8}
		{20CEF86A-A7C9-4E2C-BD30-5BCFCA9DC49F} = {B3CB9F71-1AC9-4B0D-BBCD-5202A8A14EF8}
		{65D47CB2-B245-4221-AEBC-009040ECB67A} = {B3CB9F71-1AC9-4B0D-BBCD-5202A8A14EF8}
		{E1D4A9EF-3176-40CE-9011-60D48740EA8E} = {B3CB9F71-1AC9-4B0D-BBCD-5202A8A14EF8}
		{179A1AF4-7116-496D-BBF6-AD966CEF5D73} = {B3CB9F71-1AC9-4B0D-BBCD-5202A8A14EF8}
		{9C933037-6E5C-4B80-B4FC-5C83C9DBC564} = {B3CB9F71-1AC9-4B0D-BBCD-5202A8A14EF8}
		{F27D08DC-1174-4D39-9513-6F1A9FADB098} = {B3CB9F71-1AC9-4B0D-BBCD-5202A8A14EF8}
		{ECB6FCA2-0E5E-4A71-BFAE-F588250A99C4} = {B3CB9F71-1AC9-4B0D-BBCD-5202A8A14EF8}
		{216D0568-76BC-4F85-AA9C-6001948A715D} = {B3CB9F71-1AC9-4B0D-BBCD-5202A8A14EF8}
		{A1758B40-0B3A-4CDE-AA92-C3A0709843CB} = {B3CB9F71-1AC9-4B0D-BBCD-5202A8A14EF8}
		{BD91A752-BC24-48B0-A360-701868334B38} = {B3CB9F71-1AC9-4B0D-BBCD-5202A8A14EF8}
		{37A8D47A-913C-4C6C-A721-2552D4525DEA} = {B3CB9F71-1AC9-4B0D-BBCD-5202A8A14EF8}
		{15A5A39B-598C-4633-85CC-739F1791ACD5} = {B3CB9F71-1AC9-4B0D-BBCD-5202A8A14EF8}
		{185D6B93-A8E5-4615-8A8C-1B5E1CA3CC6F} = {B3CB9F71-1AC9-4B0D-BBCD-5202A8A14EF8}
		{60F19A47-78B5-4E67-AC67-5B0D73A27F32} = {B3CB9F71-1AC9-4B0D-BBCD-5202A8A14EF8}
		{B801B786-4988-40CC-84D5-EC3B1FF8C620} = {B3CB9F71-1AC9-4B0D-BBCD-5202A8A14EF8}
		{063A6021-B105-4038-8491-0FA4ADA7DBE0} = {B3CB9F71-1AC9-4B0D-BBCD-5202A8A14EF8}
		{2E03E00B-0559-46C2-88F8-5B9C8980D3B3} = {B3CB9F71-1AC9-4B0D-BBCD-5202A8A14EF8}
		{A172567C-94E8-4562-AA2F-9201F41F2D7F} = {B3CB9F71-1AC9-4B0D-BBCD-5202A8A14EF8}
		{14F5CD81-F7F2-456E-8F33-8880E0CF72BD} = {B3CB9F71-1AC9-4B0D-BBCD-5202A8A14EF8}
		{BEC72620-511B-4EE9-B114-FDAE71CA5CB1} = {B3CB9F71-1AC9-4B0D-BBCD-5202A8A14EF8}
		{9EFD233E-0D58-4278-9946-378BFE09290C} = {B3CB9F71-1AC9-4B0D-BBCD-5202A8A14EF8}
		{411F9D3E-EA44-4E4F-8CAC-32A7BF42E9BD} = {B3CB9F71-1AC9-4B0D-BBCD-5202A8A14EF8}
		{889E70F8-65EB-4428-98EB-C0BCBC98BFD5} = {B3CB9F71-1AC9-4B0D-BBCD-5202A8A14EF8}
		{DC5F647B-4B0E-45DE-8F67-B54AF0DAC96C} = {B3CB9F71-1AC9-4B0D-BBCD-5202A8A14EF8}
		{66CC831E-4F1A-4EA0-90D1-65BE43A8375D} = {B3CB9F71-1AC9-4B0D-BBCD-5202A8A14EF8}
		{B7AB79BB-58D8-4F15-969C-7A8E3C27A224} = {B3CB9F71-1AC9-4B0D-BBCD-5202A8A14EF8}
		{E2ABAA23-A19B-457E-AC72-DEF3008EABA0} = {B3CB9F71-1AC9-4B0D-BBCD-5202A8A14EF8}
		{662925B2-C667-4B77-BD09-BFAF1C2A0924} = {B3CB9F71-1AC9-4B0D-BBCD-5202A8A14EF8}
		{3F42BE7A-EADD-47C8-9595-CBD828E88383} = {B3CB9F71-1AC9-4B0D-BBCD-5202A8A14EF8}
		{8E934B0A-D883-4C66-B007-723A62267B2D} = {B3CB9F71-1AC9-4B0D-BBCD-5202A8A14EF8}
		{E0CF1B1A-DC7E-4CED-ABCB-7D76418EFECC} = {B3CB9F71-1AC9-4B0D-BBCD-5202A8A14EF8}
		{AAAE6E44-DAD8-433E-870D-2B0A7FC1BA73} = {B3CB9F71-1AC9-4B0D-BBCD-5202A8A14EF8}
		{AB544A24-EDD9-433A-A193-BE59AC04A5A7} = {B3CB9F71-1AC9-4B0D-BBCD-5202A8A14EF8}
		{DEA142EB-1880-4AAD-A1FC-84A7DDB1B44F} = {B3CB9F71-1AC9-4B0D-BBCD-5202A8A14EF8}
		{B3DF29CB-7E4A-4E86-8249-31DCD29D807E} = {B3CB9F71-1AC9-4B0D-BBCD-5202A8A14EF8}
		{8EAC82CB-9F96-4292-B8ED-6D26BEF1036E} = {B3CB9F71-1AC9-4B0D-BBCD-5202A8A14EF8}
		{C9C9A64F-D821-4687-A1CC-B320B19CD484} = {B3CB9F71-1AC9-4B0D-BBCD-5202A8A14EF8}
		{BDD0F2A6-BB51-46BA-81F4-4335EF58416C} = {B3CB9F71-1AC9-4B0D-BBCD-5202A8A14EF8}
		{4C19DADF-0E8B-4052-A092-F91C27041459} = {B3CB9F71-1AC9-4B0D-BBCD-5202A8A14EF8}
		{FF23C6DC-76E4-49B3-8A9B-6E629ADE05B3} = {B3CB9F71-1AC9-4B0D-BBCD-5202A8A14EF8}
		{970E08EE-F2EA-46EF-928C-1CAAE14EF2F2} = {B3CB9F71-1AC9-4B0D-BBCD-5202A8A14EF8}
		{2BFFD3B0-F7C8-41C0-BD81-E2269DF0DDDB} = {B3CB9F71-1AC9-4B0D-BBCD-5202A8A14EF8}
		{14EA5F38-E97B-498D-9011-CBD77DE1D45D} = {B3CB9F71-1AC9-4B0D-BBCD-5202A8A14EF8}
		{6C780BB4-CB42-40E1-AC44-95151BEC479D} = {B3CB9F71-1AC9-4B0D-BBCD-5202A8A14EF8}
		{7F806533-2BD3-4054-B1FC-2D3F6464B24D} = {B3CB9F71-1AC9-4B0D-BBCD-5202A8A14EF8}
		{EED789C1-C278-4912-9A12-53AF0688C070} = {B3CB9F71-1AC9-4B0D-BBCD-5202A8A14EF8}
		{D5622029-1806-4910-99EA-E4B9CEABD067} = {B3CB9F71-1AC9-4B0D-BBCD-5202A8A14EF8}
		{8141C625-BE4A-4E73-9E99-0BE954B38ABC} = {B3CB9F71-1AC9-4B0D-BBCD-5202A8A14EF8}
		{E9AF3AF2-F9DC-42CF-814C-1B146BEF0072} = {B3CB9F71-1AC9-4B0D-BBCD-5202A8A14EF8}
		{9A54A7F8-697A-4F1C-902A-7388312D457F} = {B3CB9F71-1AC9-4B0D-BBCD-5202A8A14EF8}
		{9401DD62-15AA-448D-A6C1-C7B9D958DE1A} = {B3CB9F71-1AC9-4B0D-BBCD-5202A8A14EF8}
		{A4D3B612-DCC4-4E87-A542-03AF8D8DFB42} = {B3CB9F71-1AC9-4B0D-BBCD-5202A8A14EF8}
		{2D241FA8-0B82-40F6-BAEE-3AA295E3A863} = {B3CB9F71-1AC9-4B0D-BBCD-5202A8A14EF8}
		{2F9E3612-CDF3-4F60-A579-642207B89E2A} = {B3CB9F71-1AC9-4B0D-BBCD-5202A8A14EF8}
		{729933DA-C702-40A4-B9CD-6591943B52E2} = {B3CB9F71-1AC9-4B0D-BBCD-5202A8A14EF8}
		{3A2E48A8-451A-4CAA-88F9-FC27C05F1D49} = {B3CB9F71-1AC9-4B0D-BBCD-5202A8A14EF8}
		{5637407F-33CA-4DB8-BC95-95E426358085} = {B3CB9F71-1AC9-4B0D-BBCD-5202A8A14EF8}
		{FFB34AEA-D33D-47FD-ACD4-1BA0BEE00F73} = {B3CB9F71-1AC9-4B0D-BBCD-5202A8A14EF8}
		{96C79119-F6FA-4F3C-BE20-FD597E3E8136} = {B3CB9F71-1AC9-4B0D-BBCD-5202A8A14EF8}
		{14BD3AC6-62DE-413C-B4A9-CEB64785FFFB} = {B3CB9F71-1AC9-4B0D-BBCD-5202A8A14EF8}
		{CBE063C3-7690-4F48-BEA8-03455CDED0FB} = {B3CB9F71-1AC9-4B0D-BBCD-5202A8A14EF8}
		{7AF8AB1C-0DB1-465F-B56B-27925D86B46A} = {B3CB9F71-1AC9-4B0D-BBCD-5202A8A14EF8}
		{A4917E05-B40E-450F-9289-3011B8B48BC7} = {B3CB9F71-1AC9-4B0D-BBCD-5202A8A14EF8}
		{79A63854-B414-47A3-83D9-759FE2842A30} = {B3CB9F71-1AC9-4B0D-BBCD-5202A8A14EF8}
		{07D4D6F8-95B4-4C50-A9BF-EE006E972722} = {B3CB9F71-1AC9-4B0D-BBCD-5202A8A14EF8}
		{65296F65-6523-49AE-93BA-E134403A99DB} = {B3CB9F71-1AC9-4B0D-BBCD-5202A8A14EF8}
		{59504D53-B85B-409B-A2B4-206429326993} = {B3CB9F71-1AC9-4B0D-BBCD-5202A8A14EF8}
		{E1F0E45A-1ABB-46E0-8DD1-5ACC40CA1973} = {B3CB9F71-1AC9-4B0D-BBCD-5202A8A14EF8}
		{0A96981E-65D8-4AD0-98AB-7FC3F8AC8577} = {B3CB9F71-1AC9-4B0D-BBCD-5202A8A14EF8}
		{A882A66B-DEEE-4758-91B4-165977469DFE} = {B3CB9F71-1AC9-4B0D-BBCD-5202A8A14EF8}
		{A54C0E3D-ACF1-44C3-819E-8B13354227C0} = {B3CB9F71-1AC9-4B0D-BBCD-5202A8A14EF8}
		{209F0541-15D6-4E6E-AC83-151ABBA6C15C} = {B3CB9F71-1AC9-4B0D-BBCD-5202A8A14EF8}
		{3043329D-42AA-4381-89B3-2961E4CED266} = {B3CB9F71-1AC9-4B0D-BBCD-5202A8A14EF8}
		{4A890462-5E25-4F3E-8061-CDC82667A180} = {B3CB9F71-1AC9-4B0D-BBCD-5202A8A14EF8}
		{BA3FA437-9ECD-4CF2-A395-AA50ED59CD12} = {B3CB9F71-1AC9-4B0D-BBCD-5202A8A14EF8}
		{82C1EF81-8061-4926-A3EB-1238D8D1D832} = {B3CB9F71-1AC9-4B0D-BBCD-5202A8A14EF8}
	EndGlobalSection
	GlobalSection(SolutionConfigurationPlatforms) = preSolution
		Debug|Any CPU = Debug|Any CPU
		Release|Any CPU = Release|Any CPU
	EndGlobalSection
	GlobalSection(ProjectConfigurationPlatforms) = postSolution
		{6FE97C21-4707-47C4-8E28-1B8AF72CC3BA}.Debug|Any CPU.ActiveCfg = Debug|Any CPU
		{6FE97C21-4707-47C4-8E28-1B8AF72CC3BA}.Debug|Any CPU.Build.0 = Debug|Any CPU
		{6FE97C21-4707-47C4-8E28-1B8AF72CC3BA}.Release|Any CPU.ActiveCfg = Release|Any CPU
		{6FE97C21-4707-47C4-8E28-1B8AF72CC3BA}.Release|Any CPU.Build.0 = Release|Any CPU
		{63153ACE-E01C-4964-A5F1-4EDF4185E32E}.Debug|Any CPU.ActiveCfg = Debug|Any CPU
		{63153ACE-E01C-4964-A5F1-4EDF4185E32E}.Debug|Any CPU.Build.0 = Debug|Any CPU
		{63153ACE-E01C-4964-A5F1-4EDF4185E32E}.Release|Any CPU.ActiveCfg = Release|Any CPU
		{63153ACE-E01C-4964-A5F1-4EDF4185E32E}.Release|Any CPU.Build.0 = Release|Any CPU
		{5DC6C038-115C-42D4-9FEA-E700E214A53A}.Debug|Any CPU.ActiveCfg = Debug|Any CPU
		{5DC6C038-115C-42D4-9FEA-E700E214A53A}.Debug|Any CPU.Build.0 = Debug|Any CPU
		{5DC6C038-115C-42D4-9FEA-E700E214A53A}.Release|Any CPU.ActiveCfg = Release|Any CPU
		{5DC6C038-115C-42D4-9FEA-E700E214A53A}.Release|Any CPU.Build.0 = Release|Any CPU
		{16CC3E64-E90F-49CB-A66F-2D492383E2A6}.Debug|Any CPU.ActiveCfg = Debug|Any CPU
		{16CC3E64-E90F-49CB-A66F-2D492383E2A6}.Debug|Any CPU.Build.0 = Debug|Any CPU
		{16CC3E64-E90F-49CB-A66F-2D492383E2A6}.Release|Any CPU.ActiveCfg = Release|Any CPU
		{16CC3E64-E90F-49CB-A66F-2D492383E2A6}.Release|Any CPU.Build.0 = Release|Any CPU
		{CB2EC4BA-001F-4CB5-81E9-3BCE1E9FBD74}.Debug|Any CPU.ActiveCfg = Debug|Any CPU
		{CB2EC4BA-001F-4CB5-81E9-3BCE1E9FBD74}.Debug|Any CPU.Build.0 = Debug|Any CPU
		{CB2EC4BA-001F-4CB5-81E9-3BCE1E9FBD74}.Release|Any CPU.ActiveCfg = Release|Any CPU
		{CB2EC4BA-001F-4CB5-81E9-3BCE1E9FBD74}.Release|Any CPU.Build.0 = Release|Any CPU
		{933D7AD8-06AC-4997-BABC-D0DDEDEC352F}.Debug|Any CPU.ActiveCfg = Debug|Any CPU
		{933D7AD8-06AC-4997-BABC-D0DDEDEC352F}.Debug|Any CPU.Build.0 = Debug|Any CPU
		{933D7AD8-06AC-4997-BABC-D0DDEDEC352F}.Release|Any CPU.ActiveCfg = Release|Any CPU
		{933D7AD8-06AC-4997-BABC-D0DDEDEC352F}.Release|Any CPU.Build.0 = Release|Any CPU
		{FDA188E8-5929-4EF9-95ED-435D770C2558}.Debug|Any CPU.ActiveCfg = Debug|Any CPU
		{FDA188E8-5929-4EF9-95ED-435D770C2558}.Debug|Any CPU.Build.0 = Debug|Any CPU
		{FDA188E8-5929-4EF9-95ED-435D770C2558}.Release|Any CPU.ActiveCfg = Release|Any CPU
		{FDA188E8-5929-4EF9-95ED-435D770C2558}.Release|Any CPU.Build.0 = Release|Any CPU
		{AA5D6EA9-40AE-4A61-932B-ABC639CD5609}.Debug|Any CPU.ActiveCfg = Debug|Any CPU
		{AA5D6EA9-40AE-4A61-932B-ABC639CD5609}.Debug|Any CPU.Build.0 = Debug|Any CPU
		{AA5D6EA9-40AE-4A61-932B-ABC639CD5609}.Release|Any CPU.ActiveCfg = Release|Any CPU
		{AA5D6EA9-40AE-4A61-932B-ABC639CD5609}.Release|Any CPU.Build.0 = Release|Any CPU
		{9296A864-DEC6-4D06-9AFB-B458452E3BFA}.Debug|Any CPU.ActiveCfg = Debug|Any CPU
		{9296A864-DEC6-4D06-9AFB-B458452E3BFA}.Debug|Any CPU.Build.0 = Debug|Any CPU
		{9296A864-DEC6-4D06-9AFB-B458452E3BFA}.Release|Any CPU.ActiveCfg = Release|Any CPU
		{9296A864-DEC6-4D06-9AFB-B458452E3BFA}.Release|Any CPU.Build.0 = Release|Any CPU
		{C558F5FD-C02C-4B23-B235-881FFE024154}.Debug|Any CPU.ActiveCfg = Debug|Any CPU
		{C558F5FD-C02C-4B23-B235-881FFE024154}.Debug|Any CPU.Build.0 = Debug|Any CPU
		{C558F5FD-C02C-4B23-B235-881FFE024154}.Release|Any CPU.ActiveCfg = Release|Any CPU
		{C558F5FD-C02C-4B23-B235-881FFE024154}.Release|Any CPU.Build.0 = Release|Any CPU
		{2DDEDBD3-5BB8-4582-807F-350E40AF0ECE}.Debug|Any CPU.ActiveCfg = Debug|Any CPU
		{2DDEDBD3-5BB8-4582-807F-350E40AF0ECE}.Debug|Any CPU.Build.0 = Debug|Any CPU
		{2DDEDBD3-5BB8-4582-807F-350E40AF0ECE}.Release|Any CPU.ActiveCfg = Release|Any CPU
		{2DDEDBD3-5BB8-4582-807F-350E40AF0ECE}.Release|Any CPU.Build.0 = Release|Any CPU
		{F9E17EEF-B166-4EC8-8D3C-0C703D0DE3B4}.Debug|Any CPU.ActiveCfg = Debug|Any CPU
		{F9E17EEF-B166-4EC8-8D3C-0C703D0DE3B4}.Debug|Any CPU.Build.0 = Debug|Any CPU
		{F9E17EEF-B166-4EC8-8D3C-0C703D0DE3B4}.Release|Any CPU.ActiveCfg = Release|Any CPU
		{F9E17EEF-B166-4EC8-8D3C-0C703D0DE3B4}.Release|Any CPU.Build.0 = Release|Any CPU
		{FC8ED1DD-DCDE-43E1-BA42-1014BDC1D979}.Debug|Any CPU.ActiveCfg = Debug|Any CPU
		{FC8ED1DD-DCDE-43E1-BA42-1014BDC1D979}.Debug|Any CPU.Build.0 = Debug|Any CPU
		{FC8ED1DD-DCDE-43E1-BA42-1014BDC1D979}.Release|Any CPU.ActiveCfg = Release|Any CPU
		{FC8ED1DD-DCDE-43E1-BA42-1014BDC1D979}.Release|Any CPU.Build.0 = Release|Any CPU
		{0A39D7B7-3226-4CE6-8A77-C84B79013519}.Debug|Any CPU.ActiveCfg = Debug|Any CPU
		{0A39D7B7-3226-4CE6-8A77-C84B79013519}.Debug|Any CPU.Build.0 = Debug|Any CPU
		{0A39D7B7-3226-4CE6-8A77-C84B79013519}.Release|Any CPU.ActiveCfg = Release|Any CPU
		{0A39D7B7-3226-4CE6-8A77-C84B79013519}.Release|Any CPU.Build.0 = Release|Any CPU
		{8A2DDE75-8DC6-4467-9B73-292C4141F5FE}.Debug|Any CPU.ActiveCfg = Debug|Any CPU
		{8A2DDE75-8DC6-4467-9B73-292C4141F5FE}.Debug|Any CPU.Build.0 = Debug|Any CPU
		{8A2DDE75-8DC6-4467-9B73-292C4141F5FE}.Release|Any CPU.ActiveCfg = Release|Any CPU
		{8A2DDE75-8DC6-4467-9B73-292C4141F5FE}.Release|Any CPU.Build.0 = Release|Any CPU
		{C0B39C81-9E8E-4613-B6D6-E3DA729224C9}.Debug|Any CPU.ActiveCfg = Debug|Any CPU
		{C0B39C81-9E8E-4613-B6D6-E3DA729224C9}.Debug|Any CPU.Build.0 = Debug|Any CPU
		{C0B39C81-9E8E-4613-B6D6-E3DA729224C9}.Release|Any CPU.ActiveCfg = Release|Any CPU
		{C0B39C81-9E8E-4613-B6D6-E3DA729224C9}.Release|Any CPU.Build.0 = Release|Any CPU
		{480FB8D7-D1BC-4879-8F70-3E8BFADD5A32}.Debug|Any CPU.ActiveCfg = Debug|Any CPU
		{480FB8D7-D1BC-4879-8F70-3E8BFADD5A32}.Debug|Any CPU.Build.0 = Debug|Any CPU
		{480FB8D7-D1BC-4879-8F70-3E8BFADD5A32}.Release|Any CPU.ActiveCfg = Release|Any CPU
		{480FB8D7-D1BC-4879-8F70-3E8BFADD5A32}.Release|Any CPU.Build.0 = Release|Any CPU
		{2620594B-E785-4AFD-89AA-391DC228A437}.Debug|Any CPU.ActiveCfg = Debug|Any CPU
		{2620594B-E785-4AFD-89AA-391DC228A437}.Debug|Any CPU.Build.0 = Debug|Any CPU
		{2620594B-E785-4AFD-89AA-391DC228A437}.Release|Any CPU.ActiveCfg = Release|Any CPU
		{2620594B-E785-4AFD-89AA-391DC228A437}.Release|Any CPU.Build.0 = Release|Any CPU
		{214580E6-D6AD-4C4D-B5BD-8C03A544657C}.Debug|Any CPU.ActiveCfg = Debug|Any CPU
		{214580E6-D6AD-4C4D-B5BD-8C03A544657C}.Debug|Any CPU.Build.0 = Debug|Any CPU
		{214580E6-D6AD-4C4D-B5BD-8C03A544657C}.Release|Any CPU.ActiveCfg = Release|Any CPU
		{214580E6-D6AD-4C4D-B5BD-8C03A544657C}.Release|Any CPU.Build.0 = Release|Any CPU
		{39C565DE-0690-469F-9B61-BE7B57D20157}.Debug|Any CPU.ActiveCfg = Debug|Any CPU
		{39C565DE-0690-469F-9B61-BE7B57D20157}.Debug|Any CPU.Build.0 = Debug|Any CPU
		{39C565DE-0690-469F-9B61-BE7B57D20157}.Release|Any CPU.ActiveCfg = Release|Any CPU
		{39C565DE-0690-469F-9B61-BE7B57D20157}.Release|Any CPU.Build.0 = Release|Any CPU
		{7C1874C9-786A-4C85-9D6A-0918B0482CA4}.Debug|Any CPU.ActiveCfg = Debug|Any CPU
		{7C1874C9-786A-4C85-9D6A-0918B0482CA4}.Debug|Any CPU.Build.0 = Debug|Any CPU
		{7C1874C9-786A-4C85-9D6A-0918B0482CA4}.Release|Any CPU.ActiveCfg = Release|Any CPU
		{7C1874C9-786A-4C85-9D6A-0918B0482CA4}.Release|Any CPU.Build.0 = Release|Any CPU
		{84C4E2F4-0882-4A84-8E41-FE67AFA2A3C3}.Debug|Any CPU.ActiveCfg = Debug|Any CPU
		{84C4E2F4-0882-4A84-8E41-FE67AFA2A3C3}.Debug|Any CPU.Build.0 = Debug|Any CPU
		{84C4E2F4-0882-4A84-8E41-FE67AFA2A3C3}.Release|Any CPU.ActiveCfg = Release|Any CPU
		{84C4E2F4-0882-4A84-8E41-FE67AFA2A3C3}.Release|Any CPU.Build.0 = Release|Any CPU
		{20CEF86A-A7C9-4E2C-BD30-5BCFCA9DC49F}.Debug|Any CPU.ActiveCfg = Debug|Any CPU
		{20CEF86A-A7C9-4E2C-BD30-5BCFCA9DC49F}.Debug|Any CPU.Build.0 = Debug|Any CPU
		{20CEF86A-A7C9-4E2C-BD30-5BCFCA9DC49F}.Release|Any CPU.ActiveCfg = Release|Any CPU
		{20CEF86A-A7C9-4E2C-BD30-5BCFCA9DC49F}.Release|Any CPU.Build.0 = Release|Any CPU
		{65D47CB2-B245-4221-AEBC-009040ECB67A}.Debug|Any CPU.ActiveCfg = Debug|Any CPU
		{65D47CB2-B245-4221-AEBC-009040ECB67A}.Debug|Any CPU.Build.0 = Debug|Any CPU
		{65D47CB2-B245-4221-AEBC-009040ECB67A}.Release|Any CPU.ActiveCfg = Release|Any CPU
		{65D47CB2-B245-4221-AEBC-009040ECB67A}.Release|Any CPU.Build.0 = Release|Any CPU
		{E1D4A9EF-3176-40CE-9011-60D48740EA8E}.Debug|Any CPU.ActiveCfg = Debug|Any CPU
		{E1D4A9EF-3176-40CE-9011-60D48740EA8E}.Debug|Any CPU.Build.0 = Debug|Any CPU
		{E1D4A9EF-3176-40CE-9011-60D48740EA8E}.Release|Any CPU.ActiveCfg = Release|Any CPU
		{E1D4A9EF-3176-40CE-9011-60D48740EA8E}.Release|Any CPU.Build.0 = Release|Any CPU
		{179A1AF4-7116-496D-BBF6-AD966CEF5D73}.Debug|Any CPU.ActiveCfg = Debug|Any CPU
		{179A1AF4-7116-496D-BBF6-AD966CEF5D73}.Debug|Any CPU.Build.0 = Debug|Any CPU
		{179A1AF4-7116-496D-BBF6-AD966CEF5D73}.Release|Any CPU.ActiveCfg = Release|Any CPU
		{179A1AF4-7116-496D-BBF6-AD966CEF5D73}.Release|Any CPU.Build.0 = Release|Any CPU
		{9C933037-6E5C-4B80-B4FC-5C83C9DBC564}.Debug|Any CPU.ActiveCfg = Debug|Any CPU
		{9C933037-6E5C-4B80-B4FC-5C83C9DBC564}.Debug|Any CPU.Build.0 = Debug|Any CPU
		{9C933037-6E5C-4B80-B4FC-5C83C9DBC564}.Release|Any CPU.ActiveCfg = Release|Any CPU
		{9C933037-6E5C-4B80-B4FC-5C83C9DBC564}.Release|Any CPU.Build.0 = Release|Any CPU
		{F27D08DC-1174-4D39-9513-6F1A9FADB098}.Debug|Any CPU.ActiveCfg = Debug|Any CPU
		{F27D08DC-1174-4D39-9513-6F1A9FADB098}.Debug|Any CPU.Build.0 = Debug|Any CPU
		{F27D08DC-1174-4D39-9513-6F1A9FADB098}.Release|Any CPU.ActiveCfg = Release|Any CPU
		{F27D08DC-1174-4D39-9513-6F1A9FADB098}.Release|Any CPU.Build.0 = Release|Any CPU
		{ECB6FCA2-0E5E-4A71-BFAE-F588250A99C4}.Debug|Any CPU.ActiveCfg = Debug|Any CPU
		{ECB6FCA2-0E5E-4A71-BFAE-F588250A99C4}.Debug|Any CPU.Build.0 = Debug|Any CPU
		{ECB6FCA2-0E5E-4A71-BFAE-F588250A99C4}.Release|Any CPU.ActiveCfg = Release|Any CPU
		{ECB6FCA2-0E5E-4A71-BFAE-F588250A99C4}.Release|Any CPU.Build.0 = Release|Any CPU
		{216D0568-76BC-4F85-AA9C-6001948A715D}.Debug|Any CPU.ActiveCfg = Debug|Any CPU
		{216D0568-76BC-4F85-AA9C-6001948A715D}.Debug|Any CPU.Build.0 = Debug|Any CPU
		{216D0568-76BC-4F85-AA9C-6001948A715D}.Release|Any CPU.ActiveCfg = Release|Any CPU
		{216D0568-76BC-4F85-AA9C-6001948A715D}.Release|Any CPU.Build.0 = Release|Any CPU
		{A1758B40-0B3A-4CDE-AA92-C3A0709843CB}.Debug|Any CPU.ActiveCfg = Debug|Any CPU
		{A1758B40-0B3A-4CDE-AA92-C3A0709843CB}.Debug|Any CPU.Build.0 = Debug|Any CPU
		{A1758B40-0B3A-4CDE-AA92-C3A0709843CB}.Release|Any CPU.ActiveCfg = Release|Any CPU
		{A1758B40-0B3A-4CDE-AA92-C3A0709843CB}.Release|Any CPU.Build.0 = Release|Any CPU
		{BD91A752-BC24-48B0-A360-701868334B38}.Debug|Any CPU.ActiveCfg = Debug|Any CPU
		{BD91A752-BC24-48B0-A360-701868334B38}.Debug|Any CPU.Build.0 = Debug|Any CPU
		{BD91A752-BC24-48B0-A360-701868334B38}.Release|Any CPU.ActiveCfg = Release|Any CPU
		{BD91A752-BC24-48B0-A360-701868334B38}.Release|Any CPU.Build.0 = Release|Any CPU
		{37A8D47A-913C-4C6C-A721-2552D4525DEA}.Debug|Any CPU.ActiveCfg = Debug|Any CPU
		{37A8D47A-913C-4C6C-A721-2552D4525DEA}.Debug|Any CPU.Build.0 = Debug|Any CPU
		{37A8D47A-913C-4C6C-A721-2552D4525DEA}.Release|Any CPU.ActiveCfg = Release|Any CPU
		{37A8D47A-913C-4C6C-A721-2552D4525DEA}.Release|Any CPU.Build.0 = Release|Any CPU
		{15A5A39B-598C-4633-85CC-739F1791ACD5}.Debug|Any CPU.ActiveCfg = Debug|Any CPU
		{15A5A39B-598C-4633-85CC-739F1791ACD5}.Debug|Any CPU.Build.0 = Debug|Any CPU
		{15A5A39B-598C-4633-85CC-739F1791ACD5}.Release|Any CPU.ActiveCfg = Release|Any CPU
		{15A5A39B-598C-4633-85CC-739F1791ACD5}.Release|Any CPU.Build.0 = Release|Any CPU
		{185D6B93-A8E5-4615-8A8C-1B5E1CA3CC6F}.Debug|Any CPU.ActiveCfg = Debug|Any CPU
		{185D6B93-A8E5-4615-8A8C-1B5E1CA3CC6F}.Debug|Any CPU.Build.0 = Debug|Any CPU
		{185D6B93-A8E5-4615-8A8C-1B5E1CA3CC6F}.Release|Any CPU.ActiveCfg = Release|Any CPU
		{185D6B93-A8E5-4615-8A8C-1B5E1CA3CC6F}.Release|Any CPU.Build.0 = Release|Any CPU
		{60F19A47-78B5-4E67-AC67-5B0D73A27F32}.Debug|Any CPU.ActiveCfg = Debug|Any CPU
		{60F19A47-78B5-4E67-AC67-5B0D73A27F32}.Debug|Any CPU.Build.0 = Debug|Any CPU
		{60F19A47-78B5-4E67-AC67-5B0D73A27F32}.Release|Any CPU.ActiveCfg = Release|Any CPU
		{60F19A47-78B5-4E67-AC67-5B0D73A27F32}.Release|Any CPU.Build.0 = Release|Any CPU
		{B801B786-4988-40CC-84D5-EC3B1FF8C620}.Debug|Any CPU.ActiveCfg = Debug|Any CPU
		{B801B786-4988-40CC-84D5-EC3B1FF8C620}.Debug|Any CPU.Build.0 = Debug|Any CPU
		{B801B786-4988-40CC-84D5-EC3B1FF8C620}.Release|Any CPU.ActiveCfg = Release|Any CPU
		{B801B786-4988-40CC-84D5-EC3B1FF8C620}.Release|Any CPU.Build.0 = Release|Any CPU
		{063A6021-B105-4038-8491-0FA4ADA7DBE0}.Debug|Any CPU.ActiveCfg = Debug|Any CPU
		{063A6021-B105-4038-8491-0FA4ADA7DBE0}.Debug|Any CPU.Build.0 = Debug|Any CPU
		{063A6021-B105-4038-8491-0FA4ADA7DBE0}.Release|Any CPU.ActiveCfg = Release|Any CPU
		{063A6021-B105-4038-8491-0FA4ADA7DBE0}.Release|Any CPU.Build.0 = Release|Any CPU
		{2E03E00B-0559-46C2-88F8-5B9C8980D3B3}.Debug|Any CPU.ActiveCfg = Debug|Any CPU
		{2E03E00B-0559-46C2-88F8-5B9C8980D3B3}.Debug|Any CPU.Build.0 = Debug|Any CPU
		{2E03E00B-0559-46C2-88F8-5B9C8980D3B3}.Release|Any CPU.ActiveCfg = Release|Any CPU
		{2E03E00B-0559-46C2-88F8-5B9C8980D3B3}.Release|Any CPU.Build.0 = Release|Any CPU
		{A172567C-94E8-4562-AA2F-9201F41F2D7F}.Debug|Any CPU.ActiveCfg = Debug|Any CPU
		{A172567C-94E8-4562-AA2F-9201F41F2D7F}.Debug|Any CPU.Build.0 = Debug|Any CPU
		{A172567C-94E8-4562-AA2F-9201F41F2D7F}.Release|Any CPU.ActiveCfg = Release|Any CPU
		{A172567C-94E8-4562-AA2F-9201F41F2D7F}.Release|Any CPU.Build.0 = Release|Any CPU
		{14F5CD81-F7F2-456E-8F33-8880E0CF72BD}.Debug|Any CPU.ActiveCfg = Debug|Any CPU
		{14F5CD81-F7F2-456E-8F33-8880E0CF72BD}.Debug|Any CPU.Build.0 = Debug|Any CPU
		{14F5CD81-F7F2-456E-8F33-8880E0CF72BD}.Release|Any CPU.ActiveCfg = Release|Any CPU
		{14F5CD81-F7F2-456E-8F33-8880E0CF72BD}.Release|Any CPU.Build.0 = Release|Any CPU
		{BEC72620-511B-4EE9-B114-FDAE71CA5CB1}.Debug|Any CPU.ActiveCfg = Debug|Any CPU
		{BEC72620-511B-4EE9-B114-FDAE71CA5CB1}.Debug|Any CPU.Build.0 = Debug|Any CPU
		{BEC72620-511B-4EE9-B114-FDAE71CA5CB1}.Release|Any CPU.ActiveCfg = Release|Any CPU
		{BEC72620-511B-4EE9-B114-FDAE71CA5CB1}.Release|Any CPU.Build.0 = Release|Any CPU
		{9EFD233E-0D58-4278-9946-378BFE09290C}.Debug|Any CPU.ActiveCfg = Debug|Any CPU
		{9EFD233E-0D58-4278-9946-378BFE09290C}.Debug|Any CPU.Build.0 = Debug|Any CPU
		{9EFD233E-0D58-4278-9946-378BFE09290C}.Release|Any CPU.ActiveCfg = Release|Any CPU
		{9EFD233E-0D58-4278-9946-378BFE09290C}.Release|Any CPU.Build.0 = Release|Any CPU
		{411F9D3E-EA44-4E4F-8CAC-32A7BF42E9BD}.Debug|Any CPU.ActiveCfg = Debug|Any CPU
		{411F9D3E-EA44-4E4F-8CAC-32A7BF42E9BD}.Debug|Any CPU.Build.0 = Debug|Any CPU
		{411F9D3E-EA44-4E4F-8CAC-32A7BF42E9BD}.Release|Any CPU.ActiveCfg = Release|Any CPU
		{411F9D3E-EA44-4E4F-8CAC-32A7BF42E9BD}.Release|Any CPU.Build.0 = Release|Any CPU
		{889E70F8-65EB-4428-98EB-C0BCBC98BFD5}.Debug|Any CPU.ActiveCfg = Debug|Any CPU
		{889E70F8-65EB-4428-98EB-C0BCBC98BFD5}.Debug|Any CPU.Build.0 = Debug|Any CPU
		{889E70F8-65EB-4428-98EB-C0BCBC98BFD5}.Release|Any CPU.ActiveCfg = Release|Any CPU
		{889E70F8-65EB-4428-98EB-C0BCBC98BFD5}.Release|Any CPU.Build.0 = Release|Any CPU
		{DC5F647B-4B0E-45DE-8F67-B54AF0DAC96C}.Debug|Any CPU.ActiveCfg = Debug|Any CPU
		{DC5F647B-4B0E-45DE-8F67-B54AF0DAC96C}.Debug|Any CPU.Build.0 = Debug|Any CPU
		{DC5F647B-4B0E-45DE-8F67-B54AF0DAC96C}.Release|Any CPU.ActiveCfg = Release|Any CPU
		{DC5F647B-4B0E-45DE-8F67-B54AF0DAC96C}.Release|Any CPU.Build.0 = Release|Any CPU
		{66CC831E-4F1A-4EA0-90D1-65BE43A8375D}.Debug|Any CPU.ActiveCfg = Debug|Any CPU
		{66CC831E-4F1A-4EA0-90D1-65BE43A8375D}.Debug|Any CPU.Build.0 = Debug|Any CPU
		{66CC831E-4F1A-4EA0-90D1-65BE43A8375D}.Release|Any CPU.ActiveCfg = Release|Any CPU
		{66CC831E-4F1A-4EA0-90D1-65BE43A8375D}.Release|Any CPU.Build.0 = Release|Any CPU
		{B7AB79BB-58D8-4F15-969C-7A8E3C27A224}.Debug|Any CPU.ActiveCfg = Debug|Any CPU
		{B7AB79BB-58D8-4F15-969C-7A8E3C27A224}.Debug|Any CPU.Build.0 = Debug|Any CPU
		{B7AB79BB-58D8-4F15-969C-7A8E3C27A224}.Release|Any CPU.ActiveCfg = Release|Any CPU
		{B7AB79BB-58D8-4F15-969C-7A8E3C27A224}.Release|Any CPU.Build.0 = Release|Any CPU
		{E2ABAA23-A19B-457E-AC72-DEF3008EABA0}.Debug|Any CPU.ActiveCfg = Debug|Any CPU
		{E2ABAA23-A19B-457E-AC72-DEF3008EABA0}.Debug|Any CPU.Build.0 = Debug|Any CPU
		{E2ABAA23-A19B-457E-AC72-DEF3008EABA0}.Release|Any CPU.ActiveCfg = Release|Any CPU
		{E2ABAA23-A19B-457E-AC72-DEF3008EABA0}.Release|Any CPU.Build.0 = Release|Any CPU
		{662925B2-C667-4B77-BD09-BFAF1C2A0924}.Debug|Any CPU.ActiveCfg = Debug|Any CPU
		{662925B2-C667-4B77-BD09-BFAF1C2A0924}.Debug|Any CPU.Build.0 = Debug|Any CPU
		{662925B2-C667-4B77-BD09-BFAF1C2A0924}.Release|Any CPU.ActiveCfg = Release|Any CPU
		{662925B2-C667-4B77-BD09-BFAF1C2A0924}.Release|Any CPU.Build.0 = Release|Any CPU
		{3F42BE7A-EADD-47C8-9595-CBD828E88383}.Debug|Any CPU.ActiveCfg = Debug|Any CPU
		{3F42BE7A-EADD-47C8-9595-CBD828E88383}.Debug|Any CPU.Build.0 = Debug|Any CPU
		{3F42BE7A-EADD-47C8-9595-CBD828E88383}.Release|Any CPU.ActiveCfg = Release|Any CPU
		{3F42BE7A-EADD-47C8-9595-CBD828E88383}.Release|Any CPU.Build.0 = Release|Any CPU
		{8E934B0A-D883-4C66-B007-723A62267B2D}.Debug|Any CPU.ActiveCfg = Debug|Any CPU
		{8E934B0A-D883-4C66-B007-723A62267B2D}.Debug|Any CPU.Build.0 = Debug|Any CPU
		{8E934B0A-D883-4C66-B007-723A62267B2D}.Release|Any CPU.ActiveCfg = Release|Any CPU
		{8E934B0A-D883-4C66-B007-723A62267B2D}.Release|Any CPU.Build.0 = Release|Any CPU
		{E0CF1B1A-DC7E-4CED-ABCB-7D76418EFECC}.Debug|Any CPU.ActiveCfg = Debug|Any CPU
		{E0CF1B1A-DC7E-4CED-ABCB-7D76418EFECC}.Debug|Any CPU.Build.0 = Debug|Any CPU
		{E0CF1B1A-DC7E-4CED-ABCB-7D76418EFECC}.Release|Any CPU.ActiveCfg = Release|Any CPU
		{E0CF1B1A-DC7E-4CED-ABCB-7D76418EFECC}.Release|Any CPU.Build.0 = Release|Any CPU
		{AAAE6E44-DAD8-433E-870D-2B0A7FC1BA73}.Debug|Any CPU.ActiveCfg = Debug|Any CPU
		{AAAE6E44-DAD8-433E-870D-2B0A7FC1BA73}.Debug|Any CPU.Build.0 = Debug|Any CPU
		{AAAE6E44-DAD8-433E-870D-2B0A7FC1BA73}.Release|Any CPU.ActiveCfg = Release|Any CPU
		{AAAE6E44-DAD8-433E-870D-2B0A7FC1BA73}.Release|Any CPU.Build.0 = Release|Any CPU
		{AB544A24-EDD9-433A-A193-BE59AC04A5A7}.Debug|Any CPU.ActiveCfg = Debug|Any CPU
		{AB544A24-EDD9-433A-A193-BE59AC04A5A7}.Debug|Any CPU.Build.0 = Debug|Any CPU
		{AB544A24-EDD9-433A-A193-BE59AC04A5A7}.Release|Any CPU.ActiveCfg = Release|Any CPU
		{AB544A24-EDD9-433A-A193-BE59AC04A5A7}.Release|Any CPU.Build.0 = Release|Any CPU
		{DEA142EB-1880-4AAD-A1FC-84A7DDB1B44F}.Debug|Any CPU.ActiveCfg = Debug|Any CPU
		{DEA142EB-1880-4AAD-A1FC-84A7DDB1B44F}.Debug|Any CPU.Build.0 = Debug|Any CPU
		{DEA142EB-1880-4AAD-A1FC-84A7DDB1B44F}.Release|Any CPU.ActiveCfg = Release|Any CPU
		{DEA142EB-1880-4AAD-A1FC-84A7DDB1B44F}.Release|Any CPU.Build.0 = Release|Any CPU
		{B3DF29CB-7E4A-4E86-8249-31DCD29D807E}.Debug|Any CPU.ActiveCfg = Debug|Any CPU
		{B3DF29CB-7E4A-4E86-8249-31DCD29D807E}.Debug|Any CPU.Build.0 = Debug|Any CPU
		{B3DF29CB-7E4A-4E86-8249-31DCD29D807E}.Release|Any CPU.ActiveCfg = Release|Any CPU
		{B3DF29CB-7E4A-4E86-8249-31DCD29D807E}.Release|Any CPU.Build.0 = Release|Any CPU
		{8EAC82CB-9F96-4292-B8ED-6D26BEF1036E}.Debug|Any CPU.ActiveCfg = Debug|Any CPU
		{8EAC82CB-9F96-4292-B8ED-6D26BEF1036E}.Debug|Any CPU.Build.0 = Debug|Any CPU
		{8EAC82CB-9F96-4292-B8ED-6D26BEF1036E}.Release|Any CPU.ActiveCfg = Release|Any CPU
		{8EAC82CB-9F96-4292-B8ED-6D26BEF1036E}.Release|Any CPU.Build.0 = Release|Any CPU
		{C9C9A64F-D821-4687-A1CC-B320B19CD484}.Debug|Any CPU.ActiveCfg = Debug|Any CPU
		{C9C9A64F-D821-4687-A1CC-B320B19CD484}.Debug|Any CPU.Build.0 = Debug|Any CPU
		{C9C9A64F-D821-4687-A1CC-B320B19CD484}.Release|Any CPU.ActiveCfg = Release|Any CPU
		{C9C9A64F-D821-4687-A1CC-B320B19CD484}.Release|Any CPU.Build.0 = Release|Any CPU
		{BDD0F2A6-BB51-46BA-81F4-4335EF58416C}.Debug|Any CPU.ActiveCfg = Debug|Any CPU
		{BDD0F2A6-BB51-46BA-81F4-4335EF58416C}.Debug|Any CPU.Build.0 = Debug|Any CPU
		{BDD0F2A6-BB51-46BA-81F4-4335EF58416C}.Release|Any CPU.ActiveCfg = Release|Any CPU
		{BDD0F2A6-BB51-46BA-81F4-4335EF58416C}.Release|Any CPU.Build.0 = Release|Any CPU
		{4C19DADF-0E8B-4052-A092-F91C27041459}.Debug|Any CPU.ActiveCfg = Debug|Any CPU
		{4C19DADF-0E8B-4052-A092-F91C27041459}.Debug|Any CPU.Build.0 = Debug|Any CPU
		{4C19DADF-0E8B-4052-A092-F91C27041459}.Release|Any CPU.ActiveCfg = Release|Any CPU
		{4C19DADF-0E8B-4052-A092-F91C27041459}.Release|Any CPU.Build.0 = Release|Any CPU
		{FF23C6DC-76E4-49B3-8A9B-6E629ADE05B3}.Debug|Any CPU.ActiveCfg = Debug|Any CPU
		{FF23C6DC-76E4-49B3-8A9B-6E629ADE05B3}.Debug|Any CPU.Build.0 = Debug|Any CPU
		{FF23C6DC-76E4-49B3-8A9B-6E629ADE05B3}.Release|Any CPU.ActiveCfg = Release|Any CPU
		{FF23C6DC-76E4-49B3-8A9B-6E629ADE05B3}.Release|Any CPU.Build.0 = Release|Any CPU
		{970E08EE-F2EA-46EF-928C-1CAAE14EF2F2}.Debug|Any CPU.ActiveCfg = Debug|Any CPU
		{970E08EE-F2EA-46EF-928C-1CAAE14EF2F2}.Debug|Any CPU.Build.0 = Debug|Any CPU
		{970E08EE-F2EA-46EF-928C-1CAAE14EF2F2}.Release|Any CPU.ActiveCfg = Release|Any CPU
		{970E08EE-F2EA-46EF-928C-1CAAE14EF2F2}.Release|Any CPU.Build.0 = Release|Any CPU
		{2BFFD3B0-F7C8-41C0-BD81-E2269DF0DDDB}.Debug|Any CPU.ActiveCfg = Debug|Any CPU
		{2BFFD3B0-F7C8-41C0-BD81-E2269DF0DDDB}.Debug|Any CPU.Build.0 = Debug|Any CPU
		{2BFFD3B0-F7C8-41C0-BD81-E2269DF0DDDB}.Release|Any CPU.ActiveCfg = Release|Any CPU
		{2BFFD3B0-F7C8-41C0-BD81-E2269DF0DDDB}.Release|Any CPU.Build.0 = Release|Any CPU
		{14EA5F38-E97B-498D-9011-CBD77DE1D45D}.Debug|Any CPU.ActiveCfg = Debug|Any CPU
		{14EA5F38-E97B-498D-9011-CBD77DE1D45D}.Debug|Any CPU.Build.0 = Debug|Any CPU
		{14EA5F38-E97B-498D-9011-CBD77DE1D45D}.Release|Any CPU.ActiveCfg = Release|Any CPU
		{14EA5F38-E97B-498D-9011-CBD77DE1D45D}.Release|Any CPU.Build.0 = Release|Any CPU
		{6C780BB4-CB42-40E1-AC44-95151BEC479D}.Debug|Any CPU.ActiveCfg = Debug|Any CPU
		{6C780BB4-CB42-40E1-AC44-95151BEC479D}.Debug|Any CPU.Build.0 = Debug|Any CPU
		{6C780BB4-CB42-40E1-AC44-95151BEC479D}.Release|Any CPU.ActiveCfg = Release|Any CPU
		{6C780BB4-CB42-40E1-AC44-95151BEC479D}.Release|Any CPU.Build.0 = Release|Any CPU
		{7F806533-2BD3-4054-B1FC-2D3F6464B24D}.Debug|Any CPU.ActiveCfg = Debug|Any CPU
		{7F806533-2BD3-4054-B1FC-2D3F6464B24D}.Debug|Any CPU.Build.0 = Debug|Any CPU
		{7F806533-2BD3-4054-B1FC-2D3F6464B24D}.Release|Any CPU.ActiveCfg = Release|Any CPU
		{7F806533-2BD3-4054-B1FC-2D3F6464B24D}.Release|Any CPU.Build.0 = Release|Any CPU
		{EED789C1-C278-4912-9A12-53AF0688C070}.Debug|Any CPU.ActiveCfg = Debug|Any CPU
		{EED789C1-C278-4912-9A12-53AF0688C070}.Debug|Any CPU.Build.0 = Debug|Any CPU
		{EED789C1-C278-4912-9A12-53AF0688C070}.Release|Any CPU.ActiveCfg = Release|Any CPU
		{EED789C1-C278-4912-9A12-53AF0688C070}.Release|Any CPU.Build.0 = Release|Any CPU
		{D5622029-1806-4910-99EA-E4B9CEABD067}.Debug|Any CPU.ActiveCfg = Debug|Any CPU
		{D5622029-1806-4910-99EA-E4B9CEABD067}.Debug|Any CPU.Build.0 = Debug|Any CPU
		{D5622029-1806-4910-99EA-E4B9CEABD067}.Release|Any CPU.ActiveCfg = Release|Any CPU
		{D5622029-1806-4910-99EA-E4B9CEABD067}.Release|Any CPU.Build.0 = Release|Any CPU
		{8141C625-BE4A-4E73-9E99-0BE954B38ABC}.Debug|Any CPU.ActiveCfg = Debug|Any CPU
		{8141C625-BE4A-4E73-9E99-0BE954B38ABC}.Debug|Any CPU.Build.0 = Debug|Any CPU
		{8141C625-BE4A-4E73-9E99-0BE954B38ABC}.Release|Any CPU.ActiveCfg = Release|Any CPU
		{8141C625-BE4A-4E73-9E99-0BE954B38ABC}.Release|Any CPU.Build.0 = Release|Any CPU
		{E9AF3AF2-F9DC-42CF-814C-1B146BEF0072}.Debug|Any CPU.ActiveCfg = Debug|Any CPU
		{E9AF3AF2-F9DC-42CF-814C-1B146BEF0072}.Debug|Any CPU.Build.0 = Debug|Any CPU
		{E9AF3AF2-F9DC-42CF-814C-1B146BEF0072}.Release|Any CPU.ActiveCfg = Release|Any CPU
		{E9AF3AF2-F9DC-42CF-814C-1B146BEF0072}.Release|Any CPU.Build.0 = Release|Any CPU
		{9A54A7F8-697A-4F1C-902A-7388312D457F}.Debug|Any CPU.ActiveCfg = Debug|Any CPU
		{9A54A7F8-697A-4F1C-902A-7388312D457F}.Debug|Any CPU.Build.0 = Debug|Any CPU
		{9A54A7F8-697A-4F1C-902A-7388312D457F}.Release|Any CPU.ActiveCfg = Release|Any CPU
		{9A54A7F8-697A-4F1C-902A-7388312D457F}.Release|Any CPU.Build.0 = Release|Any CPU
		{9401DD62-15AA-448D-A6C1-C7B9D958DE1A}.Debug|Any CPU.ActiveCfg = Debug|Any CPU
		{9401DD62-15AA-448D-A6C1-C7B9D958DE1A}.Debug|Any CPU.Build.0 = Debug|Any CPU
		{9401DD62-15AA-448D-A6C1-C7B9D958DE1A}.Release|Any CPU.ActiveCfg = Release|Any CPU
		{9401DD62-15AA-448D-A6C1-C7B9D958DE1A}.Release|Any CPU.Build.0 = Release|Any CPU
		{A4D3B612-DCC4-4E87-A542-03AF8D8DFB42}.Debug|Any CPU.ActiveCfg = Debug|Any CPU
		{A4D3B612-DCC4-4E87-A542-03AF8D8DFB42}.Debug|Any CPU.Build.0 = Debug|Any CPU
		{A4D3B612-DCC4-4E87-A542-03AF8D8DFB42}.Release|Any CPU.ActiveCfg = Release|Any CPU
		{A4D3B612-DCC4-4E87-A542-03AF8D8DFB42}.Release|Any CPU.Build.0 = Release|Any CPU
		{2D241FA8-0B82-40F6-BAEE-3AA295E3A863}.Debug|Any CPU.ActiveCfg = Debug|Any CPU
		{2D241FA8-0B82-40F6-BAEE-3AA295E3A863}.Debug|Any CPU.Build.0 = Debug|Any CPU
		{2D241FA8-0B82-40F6-BAEE-3AA295E3A863}.Release|Any CPU.ActiveCfg = Release|Any CPU
		{2D241FA8-0B82-40F6-BAEE-3AA295E3A863}.Release|Any CPU.Build.0 = Release|Any CPU
		{2F9E3612-CDF3-4F60-A579-642207B89E2A}.Debug|Any CPU.ActiveCfg = Debug|Any CPU
		{2F9E3612-CDF3-4F60-A579-642207B89E2A}.Debug|Any CPU.Build.0 = Debug|Any CPU
		{2F9E3612-CDF3-4F60-A579-642207B89E2A}.Release|Any CPU.ActiveCfg = Release|Any CPU
		{2F9E3612-CDF3-4F60-A579-642207B89E2A}.Release|Any CPU.Build.0 = Release|Any CPU
		{729933DA-C702-40A4-B9CD-6591943B52E2}.Debug|Any CPU.ActiveCfg = Debug|Any CPU
		{729933DA-C702-40A4-B9CD-6591943B52E2}.Debug|Any CPU.Build.0 = Debug|Any CPU
		{729933DA-C702-40A4-B9CD-6591943B52E2}.Release|Any CPU.ActiveCfg = Release|Any CPU
		{729933DA-C702-40A4-B9CD-6591943B52E2}.Release|Any CPU.Build.0 = Release|Any CPU
		{3A2E48A8-451A-4CAA-88F9-FC27C05F1D49}.Debug|Any CPU.ActiveCfg = Debug|Any CPU
		{3A2E48A8-451A-4CAA-88F9-FC27C05F1D49}.Debug|Any CPU.Build.0 = Debug|Any CPU
		{3A2E48A8-451A-4CAA-88F9-FC27C05F1D49}.Release|Any CPU.ActiveCfg = Release|Any CPU
		{3A2E48A8-451A-4CAA-88F9-FC27C05F1D49}.Release|Any CPU.Build.0 = Release|Any CPU
		{5637407F-33CA-4DB8-BC95-95E426358085}.Debug|Any CPU.ActiveCfg = Debug|Any CPU
		{5637407F-33CA-4DB8-BC95-95E426358085}.Debug|Any CPU.Build.0 = Debug|Any CPU
		{5637407F-33CA-4DB8-BC95-95E426358085}.Release|Any CPU.ActiveCfg = Release|Any CPU
		{5637407F-33CA-4DB8-BC95-95E426358085}.Release|Any CPU.Build.0 = Release|Any CPU
		{FFB34AEA-D33D-47FD-ACD4-1BA0BEE00F73}.Debug|Any CPU.ActiveCfg = Debug|Any CPU
		{FFB34AEA-D33D-47FD-ACD4-1BA0BEE00F73}.Debug|Any CPU.Build.0 = Debug|Any CPU
		{FFB34AEA-D33D-47FD-ACD4-1BA0BEE00F73}.Release|Any CPU.ActiveCfg = Release|Any CPU
		{FFB34AEA-D33D-47FD-ACD4-1BA0BEE00F73}.Release|Any CPU.Build.0 = Release|Any CPU
		{96C79119-F6FA-4F3C-BE20-FD597E3E8136}.Debug|Any CPU.ActiveCfg = Debug|Any CPU
		{96C79119-F6FA-4F3C-BE20-FD597E3E8136}.Debug|Any CPU.Build.0 = Debug|Any CPU
		{96C79119-F6FA-4F3C-BE20-FD597E3E8136}.Release|Any CPU.ActiveCfg = Release|Any CPU
		{96C79119-F6FA-4F3C-BE20-FD597E3E8136}.Release|Any CPU.Build.0 = Release|Any CPU
		{14BD3AC6-62DE-413C-B4A9-CEB64785FFFB}.Debug|Any CPU.ActiveCfg = Debug|Any CPU
		{14BD3AC6-62DE-413C-B4A9-CEB64785FFFB}.Debug|Any CPU.Build.0 = Debug|Any CPU
		{14BD3AC6-62DE-413C-B4A9-CEB64785FFFB}.Release|Any CPU.ActiveCfg = Release|Any CPU
		{14BD3AC6-62DE-413C-B4A9-CEB64785FFFB}.Release|Any CPU.Build.0 = Release|Any CPU
		{CBE063C3-7690-4F48-BEA8-03455CDED0FB}.Debug|Any CPU.ActiveCfg = Debug|Any CPU
		{CBE063C3-7690-4F48-BEA8-03455CDED0FB}.Debug|Any CPU.Build.0 = Debug|Any CPU
		{CBE063C3-7690-4F48-BEA8-03455CDED0FB}.Release|Any CPU.ActiveCfg = Release|Any CPU
		{CBE063C3-7690-4F48-BEA8-03455CDED0FB}.Release|Any CPU.Build.0 = Release|Any CPU
		{7AF8AB1C-0DB1-465F-B56B-27925D86B46A}.Debug|Any CPU.ActiveCfg = Debug|Any CPU
		{7AF8AB1C-0DB1-465F-B56B-27925D86B46A}.Debug|Any CPU.Build.0 = Debug|Any CPU
		{7AF8AB1C-0DB1-465F-B56B-27925D86B46A}.Release|Any CPU.ActiveCfg = Release|Any CPU
		{7AF8AB1C-0DB1-465F-B56B-27925D86B46A}.Release|Any CPU.Build.0 = Release|Any CPU
		{A4917E05-B40E-450F-9289-3011B8B48BC7}.Debug|Any CPU.ActiveCfg = Debug|Any CPU
		{A4917E05-B40E-450F-9289-3011B8B48BC7}.Debug|Any CPU.Build.0 = Debug|Any CPU
		{A4917E05-B40E-450F-9289-3011B8B48BC7}.Release|Any CPU.ActiveCfg = Release|Any CPU
		{A4917E05-B40E-450F-9289-3011B8B48BC7}.Release|Any CPU.Build.0 = Release|Any CPU
		{79A63854-B414-47A3-83D9-759FE2842A30}.Debug|Any CPU.ActiveCfg = Debug|Any CPU
		{79A63854-B414-47A3-83D9-759FE2842A30}.Debug|Any CPU.Build.0 = Debug|Any CPU
		{79A63854-B414-47A3-83D9-759FE2842A30}.Release|Any CPU.ActiveCfg = Release|Any CPU
		{79A63854-B414-47A3-83D9-759FE2842A30}.Release|Any CPU.Build.0 = Release|Any CPU
		{07D4D6F8-95B4-4C50-A9BF-EE006E972722}.Debug|Any CPU.ActiveCfg = Debug|Any CPU
		{07D4D6F8-95B4-4C50-A9BF-EE006E972722}.Debug|Any CPU.Build.0 = Debug|Any CPU
		{07D4D6F8-95B4-4C50-A9BF-EE006E972722}.Release|Any CPU.ActiveCfg = Release|Any CPU
		{07D4D6F8-95B4-4C50-A9BF-EE006E972722}.Release|Any CPU.Build.0 = Release|Any CPU
		{65296F65-6523-49AE-93BA-E134403A99DB}.Debug|Any CPU.ActiveCfg = Debug|Any CPU
		{65296F65-6523-49AE-93BA-E134403A99DB}.Debug|Any CPU.Build.0 = Debug|Any CPU
		{65296F65-6523-49AE-93BA-E134403A99DB}.Release|Any CPU.ActiveCfg = Release|Any CPU
		{65296F65-6523-49AE-93BA-E134403A99DB}.Release|Any CPU.Build.0 = Release|Any CPU
		{59504D53-B85B-409B-A2B4-206429326993}.Debug|Any CPU.ActiveCfg = Debug|Any CPU
		{59504D53-B85B-409B-A2B4-206429326993}.Debug|Any CPU.Build.0 = Debug|Any CPU
		{59504D53-B85B-409B-A2B4-206429326993}.Release|Any CPU.ActiveCfg = Release|Any CPU
		{59504D53-B85B-409B-A2B4-206429326993}.Release|Any CPU.Build.0 = Release|Any CPU
		{E1F0E45A-1ABB-46E0-8DD1-5ACC40CA1973}.Debug|Any CPU.ActiveCfg = Debug|Any CPU
		{E1F0E45A-1ABB-46E0-8DD1-5ACC40CA1973}.Debug|Any CPU.Build.0 = Debug|Any CPU
		{E1F0E45A-1ABB-46E0-8DD1-5ACC40CA1973}.Release|Any CPU.ActiveCfg = Release|Any CPU
		{E1F0E45A-1ABB-46E0-8DD1-5ACC40CA1973}.Release|Any CPU.Build.0 = Release|Any CPU
		{0A96981E-65D8-4AD0-98AB-7FC3F8AC8577}.Debug|Any CPU.ActiveCfg = Debug|Any CPU
		{0A96981E-65D8-4AD0-98AB-7FC3F8AC8577}.Debug|Any CPU.Build.0 = Debug|Any CPU
		{0A96981E-65D8-4AD0-98AB-7FC3F8AC8577}.Release|Any CPU.ActiveCfg = Release|Any CPU
		{0A96981E-65D8-4AD0-98AB-7FC3F8AC8577}.Release|Any CPU.Build.0 = Release|Any CPU
		{A882A66B-DEEE-4758-91B4-165977469DFE}.Debug|Any CPU.ActiveCfg = Debug|Any CPU
		{A882A66B-DEEE-4758-91B4-165977469DFE}.Debug|Any CPU.Build.0 = Debug|Any CPU
		{A882A66B-DEEE-4758-91B4-165977469DFE}.Release|Any CPU.ActiveCfg = Release|Any CPU
		{A882A66B-DEEE-4758-91B4-165977469DFE}.Release|Any CPU.Build.0 = Release|Any CPU
		{A54C0E3D-ACF1-44C3-819E-8B13354227C0}.Debug|Any CPU.ActiveCfg = Debug|Any CPU
		{A54C0E3D-ACF1-44C3-819E-8B13354227C0}.Debug|Any CPU.Build.0 = Debug|Any CPU
		{A54C0E3D-ACF1-44C3-819E-8B13354227C0}.Release|Any CPU.ActiveCfg = Release|Any CPU
		{A54C0E3D-ACF1-44C3-819E-8B13354227C0}.Release|Any CPU.Build.0 = Release|Any CPU
		{209F0541-15D6-4E6E-AC83-151ABBA6C15C}.Debug|Any CPU.ActiveCfg = Debug|Any CPU
		{209F0541-15D6-4E6E-AC83-151ABBA6C15C}.Debug|Any CPU.Build.0 = Debug|Any CPU
		{209F0541-15D6-4E6E-AC83-151ABBA6C15C}.Release|Any CPU.ActiveCfg = Release|Any CPU
		{209F0541-15D6-4E6E-AC83-151ABBA6C15C}.Release|Any CPU.Build.0 = Release|Any CPU
		{3043329D-42AA-4381-89B3-2961E4CED266}.Debug|Any CPU.ActiveCfg = Debug|Any CPU
		{3043329D-42AA-4381-89B3-2961E4CED266}.Debug|Any CPU.Build.0 = Debug|Any CPU
		{3043329D-42AA-4381-89B3-2961E4CED266}.Release|Any CPU.ActiveCfg = Release|Any CPU
		{3043329D-42AA-4381-89B3-2961E4CED266}.Release|Any CPU.Build.0 = Release|Any CPU
		{4A890462-5E25-4F3E-8061-CDC82667A180}.Debug|Any CPU.ActiveCfg = Debug|Any CPU
		{4A890462-5E25-4F3E-8061-CDC82667A180}.Debug|Any CPU.Build.0 = Debug|Any CPU
		{4A890462-5E25-4F3E-8061-CDC82667A180}.Release|Any CPU.ActiveCfg = Release|Any CPU
		{4A890462-5E25-4F3E-8061-CDC82667A180}.Release|Any CPU.Build.0 = Release|Any CPU
		{BA3FA437-9ECD-4CF2-A395-AA50ED59CD12}.Debug|Any CPU.ActiveCfg = Debug|Any CPU
		{BA3FA437-9ECD-4CF2-A395-AA50ED59CD12}.Debug|Any CPU.Build.0 = Debug|Any CPU
		{BA3FA437-9ECD-4CF2-A395-AA50ED59CD12}.Release|Any CPU.ActiveCfg = Release|Any CPU
		{BA3FA437-9ECD-4CF2-A395-AA50ED59CD12}.Release|Any CPU.Build.0 = Release|Any CPU
		{82C1EF81-8061-4926-A3EB-1238D8D1D832}.Debug|Any CPU.ActiveCfg = Debug|Any CPU
		{82C1EF81-8061-4926-A3EB-1238D8D1D832}.Debug|Any CPU.Build.0 = Debug|Any CPU
		{82C1EF81-8061-4926-A3EB-1238D8D1D832}.Release|Any CPU.ActiveCfg = Release|Any CPU
		{82C1EF81-8061-4926-A3EB-1238D8D1D832}.Release|Any CPU.Build.0 = Release|Any CPU
	EndGlobalSection
	GlobalSection(SolutionProperties) = preSolution
		HideSolutionNode = FALSE
	EndGlobalSection
	GlobalSection(ExtensibilityGlobals) = postSolution
		SolutionGuid = {2CDBADE6-5344-4BE9-AFAD-A6B6258C936C}
	EndGlobalSection
EndGlobal
